
Microsoft Visual Studio Solution File, Format Version 12.00
# Visual Studio Version 17
VisualStudioVersion = 17.0.31808.319
MinimumVisualStudioVersion = 10.0.40219.1
Project("{FAE04EC0-301F-11D3-BF4B-00C04F79EFBC}") = "chainStores", "chainStores.csproj", "{61E0E3BB-EAB2-4580-AA36-9DCF9D2D969A}"
EndProject
Global
	GlobalSection(SolutionConfigurationPlatforms) = preSolution
		Debug|Any CPU = Debug|Any CPU
		Release|Any CPU = Release|Any CPU
	EndGlobalSection
	GlobalSection(ProjectConfigurationPlatforms) = postSolution
		{61E0E3BB-EAB2-4580-AA36-9DCF9D2D969A}.Debug|Any CPU.ActiveCfg = Debug|Any CPU
		{61E0E3BB-EAB2-4580-AA36-9DCF9D2D969A}.Debug|Any CPU.Build.0 = Debug|Any CPU
		{61E0E3BB-EAB2-4580-AA36-9DCF9D2D969A}.Release|Any CPU.ActiveCfg = Release|Any CPU
		{61E0E3BB-EAB2-4580-AA36-9DCF9D2D969A}.Release|Any CPU.Build.0 = Release|Any CPU
	EndGlobalSection
	GlobalSection(SolutionProperties) = preSolution
		HideSolutionNode = FALSE
	EndGlobalSection
	GlobalSection(ExtensibilityGlobals) = postSolution
		SolutionGuid = {35481296-6AFF-4FFC-B3A2-3BD3D8874099}
	EndGlobalSection
EndGlobal
